
Microsoft Visual Studio Solution File, Format Version 12.00
# Visual Studio Version 17
VisualStudioVersion = 17.0.31903.59
MinimumVisualStudioVersion = 10.0.40219.1
Project("{FAE04EC0-301F-11D3-BF4B-00C04F79EFBC}") = "ShoppingCartAPI", "ShoppingCartAPI\ShoppingCartAPI.csproj", "{A9F1C1D5-448C-4190-9074-8F632D9C1276}"
EndProject
Project("{FAE04EC0-301F-11D3-BF4B-00C04F79EFBC}") = "ShoppingCartAPIModels", "ShoppingCartAPIModels\ShoppingCartAPIModels.csproj", "{CA58D23A-75E0-4A73-8E5C-E275E4A037DB}"
EndProject
Project("{FAE04EC0-301F-11D3-BF4B-00C04F79EFBC}") = "ShoppingCartTests", "ShoppingCartTests\ShoppingCartTests.csproj", "{F1F20A17-49A7-4E2D-B4A0-640E96BA3125}"
EndProject
Global
	GlobalSection(SolutionConfigurationPlatforms) = preSolution
		Debug|Any CPU = Debug|Any CPU
		Release|Any CPU = Release|Any CPU
	EndGlobalSection
	GlobalSection(SolutionProperties) = preSolution
		HideSolutionNode = FALSE
	EndGlobalSection
	GlobalSection(ProjectConfigurationPlatforms) = postSolution
		{A9F1C1D5-448C-4190-9074-8F632D9C1276}.Debug|Any CPU.ActiveCfg = Debug|Any CPU
		{A9F1C1D5-448C-4190-9074-8F632D9C1276}.Debug|Any CPU.Build.0 = Debug|Any CPU
		{A9F1C1D5-448C-4190-9074-8F632D9C1276}.Release|Any CPU.ActiveCfg = Release|Any CPU
		{A9F1C1D5-448C-4190-9074-8F632D9C1276}.Release|Any CPU.Build.0 = Release|Any CPU
		{CA58D23A-75E0-4A73-8E5C-E275E4A037DB}.Debug|Any CPU.ActiveCfg = Debug|Any CPU
		{CA58D23A-75E0-4A73-8E5C-E275E4A037DB}.Debug|Any CPU.Build.0 = Debug|Any CPU
		{CA58D23A-75E0-4A73-8E5C-E275E4A037DB}.Release|Any CPU.ActiveCfg = Release|Any CPU
		{CA58D23A-75E0-4A73-8E5C-E275E4A037DB}.Release|Any CPU.Build.0 = Release|Any CPU
		{F1F20A17-49A7-4E2D-B4A0-640E96BA3125}.Debug|Any CPU.ActiveCfg = Debug|Any CPU
		{F1F20A17-49A7-4E2D-B4A0-640E96BA3125}.Debug|Any CPU.Build.0 = Debug|Any CPU
		{F1F20A17-49A7-4E2D-B4A0-640E96BA3125}.Release|Any CPU.ActiveCfg = Release|Any CPU
		{F1F20A17-49A7-4E2D-B4A0-640E96BA3125}.Release|Any CPU.Build.0 = Release|Any CPU
	EndGlobalSection
EndGlobal
